
Microsoft Visual Studio Solution File, Format Version 12.00
Project("{FAE04EC0-301F-11D3-BF4B-00C04F79EFBC}") = "Tsuki", "Tsuki\Tsuki.csproj", "{1FD2FCF4-BBBB-4BAE-AFD1-5C47CE004975}"
EndProject
Project("{2150E333-8FDC-42A3-9474-1A3956D46DE8}") = "Tsuki.Framework.Test", "Tsuki.Framework.Test", "{BB82E9D8-EB08-4DDD-98A4-EEB540FF2F89}"
EndProject
Project("{FAE04EC0-301F-11D3-BF4B-00C04F79EFBC}") = "GLFWTest", "GLFWTest\GLFWTest.csproj", "{5E282E8D-FD23-447F-B81A-87B641B809AD}"
EndProject
Global
	GlobalSection(SolutionConfigurationPlatforms) = preSolution
		Debug|Any CPU = Debug|Any CPU
		Release|Any CPU = Release|Any CPU
	EndGlobalSection
	GlobalSection(ProjectConfigurationPlatforms) = postSolution
		{1FD2FCF4-BBBB-4BAE-AFD1-5C47CE004975}.Debug|Any CPU.ActiveCfg = Debug|Any CPU
		{1FD2FCF4-BBBB-4BAE-AFD1-5C47CE004975}.Debug|Any CPU.Build.0 = Debug|Any CPU
		{1FD2FCF4-BBBB-4BAE-AFD1-5C47CE004975}.Release|Any CPU.ActiveCfg = Release|Any CPU
		{1FD2FCF4-BBBB-4BAE-AFD1-5C47CE004975}.Release|Any CPU.Build.0 = Release|Any CPU
		{5E282E8D-FD23-447F-B81A-87B641B809AD}.Debug|Any CPU.ActiveCfg = Debug|Any CPU
		{5E282E8D-FD23-447F-B81A-87B641B809AD}.Debug|Any CPU.Build.0 = Debug|Any CPU
		{5E282E8D-FD23-447F-B81A-87B641B809AD}.Release|Any CPU.ActiveCfg = Release|Any CPU
		{5E282E8D-FD23-447F-B81A-87B641B809AD}.Release|Any CPU.Build.0 = Release|Any CPU
	EndGlobalSection
	GlobalSection(NestedProjects) = preSolution
		{5E282E8D-FD23-447F-B81A-87B641B809AD} = {BB82E9D8-EB08-4DDD-98A4-EEB540FF2F89}
	EndGlobalSection
EndGlobal
